
Microsoft Visual Studio Solution File, Format Version 12.00
# Visual Studio Version 16
VisualStudioVersion = 16.0.30011.22
MinimumVisualStudioVersion = 10.0.40219.1
Project("{FAE04EC0-301F-11D3-BF4B-00C04F79EFBC}") = "MatchGame", "MatchGame\MatchGame.csproj", "{3A835509-37F6-44B9-A504-56B2B714A187}"
EndProject
Global
	GlobalSection(SolutionConfigurationPlatforms) = preSolution
		Debug|Any CPU = Debug|Any CPU
		Release|Any CPU = Release|Any CPU
	EndGlobalSection
	GlobalSection(ProjectConfigurationPlatforms) = postSolution
		{3A835509-37F6-44B9-A504-56B2B714A187}.Debug|Any CPU.ActiveCfg = Debug|Any CPU
		{3A835509-37F6-44B9-A504-56B2B714A187}.Debug|Any CPU.Build.0 = Debug|Any CPU
		{3A835509-37F6-44B9-A504-56B2B714A187}.Release|Any CPU.ActiveCfg = Release|Any CPU
		{3A835509-37F6-44B9-A504-56B2B714A187}.Release|Any CPU.Build.0 = Release|Any CPU
	EndGlobalSection
	GlobalSection(SolutionProperties) = preSolution
		HideSolutionNode = FALSE
	EndGlobalSection
	GlobalSection(ExtensibilityGlobals) = postSolution
		SolutionGuid = {C9DB197E-E244-498B-A872-69FE38E808BE}
	EndGlobalSection
EndGlobal
